
Microsoft Visual Studio Solution File, Format Version 12.00
# Visual Studio Version 17
VisualStudioVersion = 17.6.33723.286
MinimumVisualStudioVersion = 10.0.40219.1
Project("{FAE04EC0-301F-11D3-BF4B-00C04F79EFBC}") = "Sayi_Tahmin", "Sayi_Tahmin\Sayi_Tahmin.csproj", "{60B23D51-9C25-4A1F-AACC-E5BE698863EE}"
EndProject
Global
	GlobalSection(SolutionConfigurationPlatforms) = preSolution
		Debug|Any CPU = Debug|Any CPU
		Release|Any CPU = Release|Any CPU
	EndGlobalSection
	GlobalSection(ProjectConfigurationPlatforms) = postSolution
		{60B23D51-9C25-4A1F-AACC-E5BE698863EE}.Debug|Any CPU.ActiveCfg = Debug|Any CPU
		{60B23D51-9C25-4A1F-AACC-E5BE698863EE}.Debug|Any CPU.Build.0 = Debug|Any CPU
		{60B23D51-9C25-4A1F-AACC-E5BE698863EE}.Release|Any CPU.ActiveCfg = Release|Any CPU
		{60B23D51-9C25-4A1F-AACC-E5BE698863EE}.Release|Any CPU.Build.0 = Release|Any CPU
	EndGlobalSection
	GlobalSection(SolutionProperties) = preSolution
		HideSolutionNode = FALSE
	EndGlobalSection
	GlobalSection(ExtensibilityGlobals) = postSolution
		SolutionGuid = {94039C15-9882-4739-8E4C-F0BE01AB7057}
	EndGlobalSection
EndGlobal
